
Microsoft Visual Studio Solution File, Format Version 12.00
# Visual Studio Version 17
VisualStudioVersion = 17.7.34009.444
MinimumVisualStudioVersion = 10.0.40219.1
Project("{9A19103F-16F7-4668-BE54-9A1E7A4F7556}") = "CoreProje", "CoreProje\CoreProje.csproj", "{F20E24B8-3711-4A94-BA76-19D5E319E674}"
EndProject
Project("{9A19103F-16F7-4668-BE54-9A1E7A4F7556}") = "EntityLayer", "EntityLayer\EntityLayer.csproj", "{5A417F8E-5E5E-484B-8BC1-AF0945A9A4E8}"
EndProject
Project("{9A19103F-16F7-4668-BE54-9A1E7A4F7556}") = "DataAccessLayer", "DataAccessLayer\DataAccessLayer.csproj", "{1000E461-6364-4168-9A8E-AEF83A894E05}"
EndProject
Project("{9A19103F-16F7-4668-BE54-9A1E7A4F7556}") = "BusinessLayer", "BusinessLayer\BusinessLayer.csproj", "{A8469A52-C19C-4DC8-807A-F512D7EEB9FB}"
EndProject
Project("{FAE04EC0-301F-11D3-BF4B-00C04F79EFBC}") = "CoreProjeApi", "CoreProjeApi\CoreProjeApi.csproj", "{0E1268B9-A6F0-4FBE-AEE1-7353CAC63D59}"
EndProject
Global
	GlobalSection(SolutionConfigurationPlatforms) = preSolution
		Debug|Any CPU = Debug|Any CPU
		Release|Any CPU = Release|Any CPU
	EndGlobalSection
	GlobalSection(ProjectConfigurationPlatforms) = postSolution
		{F20E24B8-3711-4A94-BA76-19D5E319E674}.Debug|Any CPU.ActiveCfg = Debug|Any CPU
		{F20E24B8-3711-4A94-BA76-19D5E319E674}.Debug|Any CPU.Build.0 = Debug|Any CPU
		{F20E24B8-3711-4A94-BA76-19D5E319E674}.Release|Any CPU.ActiveCfg = Release|Any CPU
		{F20E24B8-3711-4A94-BA76-19D5E319E674}.Release|Any CPU.Build.0 = Release|Any CPU
		{5A417F8E-5E5E-484B-8BC1-AF0945A9A4E8}.Debug|Any CPU.ActiveCfg = Debug|Any CPU
		{5A417F8E-5E5E-484B-8BC1-AF0945A9A4E8}.Debug|Any CPU.Build.0 = Debug|Any CPU
		{5A417F8E-5E5E-484B-8BC1-AF0945A9A4E8}.Release|Any CPU.ActiveCfg = Release|Any CPU
		{5A417F8E-5E5E-484B-8BC1-AF0945A9A4E8}.Release|Any CPU.Build.0 = Release|Any CPU
		{1000E461-6364-4168-9A8E-AEF83A894E05}.Debug|Any CPU.ActiveCfg = Debug|Any CPU
		{1000E461-6364-4168-9A8E-AEF83A894E05}.Debug|Any CPU.Build.0 = Debug|Any CPU
		{1000E461-6364-4168-9A8E-AEF83A894E05}.Release|Any CPU.ActiveCfg = Release|Any CPU
		{1000E461-6364-4168-9A8E-AEF83A894E05}.Release|Any CPU.Build.0 = Release|Any CPU
		{A8469A52-C19C-4DC8-807A-F512D7EEB9FB}.Debug|Any CPU.ActiveCfg = Debug|Any CPU
		{A8469A52-C19C-4DC8-807A-F512D7EEB9FB}.Debug|Any CPU.Build.0 = Debug|Any CPU
		{A8469A52-C19C-4DC8-807A-F512D7EEB9FB}.Release|Any CPU.ActiveCfg = Release|Any CPU
		{A8469A52-C19C-4DC8-807A-F512D7EEB9FB}.Release|Any CPU.Build.0 = Release|Any CPU
		{0E1268B9-A6F0-4FBE-AEE1-7353CAC63D59}.Debug|Any CPU.ActiveCfg = Debug|Any CPU
		{0E1268B9-A6F0-4FBE-AEE1-7353CAC63D59}.Debug|Any CPU.Build.0 = Debug|Any CPU
		{0E1268B9-A6F0-4FBE-AEE1-7353CAC63D59}.Release|Any CPU.ActiveCfg = Release|Any CPU
		{0E1268B9-A6F0-4FBE-AEE1-7353CAC63D59}.Release|Any CPU.Build.0 = Release|Any CPU
	EndGlobalSection
	GlobalSection(SolutionProperties) = preSolution
		HideSolutionNode = FALSE
	EndGlobalSection
	GlobalSection(ExtensibilityGlobals) = postSolution
		SolutionGuid = {92EF91FA-03F4-4576-B9DF-170B3978053A}
	EndGlobalSection
EndGlobal
